
Microsoft Visual Studio Solution File, Format Version 12.00
# Visual Studio Version 17
VisualStudioVersion = 17.0.31903.59
MinimumVisualStudioVersion = 10.0.40219.1
Project("{FAE04EC0-301F-11D3-BF4B-00C04F79EFBC}") = "WPF_task17", "Wpf17\WPF_task17.csproj", "{750D17E9-B942-425A-8392-A637609F5C54}"
EndProject
Global
	GlobalSection(SolutionConfigurationPlatforms) = preSolution
		Debug|Any CPU = Debug|Any CPU
		Release|Any CPU = Release|Any CPU
	EndGlobalSection
	GlobalSection(ProjectConfigurationPlatforms) = postSolution
		{750D17E9-B942-425A-8392-A637609F5C54}.Debug|Any CPU.ActiveCfg = Debug|Any CPU
		{750D17E9-B942-425A-8392-A637609F5C54}.Debug|Any CPU.Build.0 = Debug|Any CPU
		{750D17E9-B942-425A-8392-A637609F5C54}.Release|Any CPU.ActiveCfg = Release|Any CPU
		{750D17E9-B942-425A-8392-A637609F5C54}.Release|Any CPU.Build.0 = Release|Any CPU
	EndGlobalSection
	GlobalSection(SolutionProperties) = preSolution
		HideSolutionNode = FALSE
	EndGlobalSection
	GlobalSection(ExtensibilityGlobals) = postSolution
		SolutionGuid = {0B2F03EA-5EC8-4C3B-B6E1-9C857280A955}
	EndGlobalSection
EndGlobal
